// !$*UTF8*$!
{
	archiveVersion = 1;
	classes = {
	};
	objectVersion = 46;
	objects = {

/* Begin PBXBuildFile section */
		46219ABB17B1C6EC00740A80 /* xtcpshow.iconset in Resources */ = {isa = PBXBuildFile; fileRef = 46219ABA17B1C6EC00740A80 /* xtcpshow.iconset */; };
		4639F8251798BA9700E59491 /* Cocoa.framework in Frameworks */ = {isa = PBXBuildFile; fileRef = 4639F8241798BA9700E59491 /* Cocoa.framework */; };
		4639F82F1798BA9700E59491 /* InfoPlist.strings in Resources */ = {isa = PBXBuildFile; fileRef = 4639F82D1798BA9700E59491 /* InfoPlist.strings */; };
		4639F8311798BA9700E59491 /* main.m in Sources */ = {isa = PBXBuildFile; fileRef = 4639F8301798BA9700E59491 /* main.m */; };
		4639F8351798BA9700E59491 /* Credits.rtf in Resources */ = {isa = PBXBuildFile; fileRef = 4639F8331798BA9700E59491 /* Credits.rtf */; };
		4639F8381798BA9700E59491 /* AppDelegate.m in Sources */ = {isa = PBXBuildFile; fileRef = 4639F8371798BA9700E59491 /* AppDelegate.m */; };
		4639F83B1798BA9700E59491 /* MainMenu.xib in Resources */ = {isa = PBXBuildFile; fileRef = 4639F8391798BA9700E59491 /* MainMenu.xib */; };
		4639F8431799095A00E59491 /* CaptureModel.m in Sources */ = {isa = PBXBuildFile; fileRef = 4639F8421799095A00E59491 /* CaptureModel.m */; };
		4639F847179D0D0900E59491 /* libpcap.dylib in Frameworks */ = {isa = PBXBuildFile; fileRef = 4639F846179D0D0900E59491 /* libpcap.dylib */; };
		46583CB617A0CA41007B6572 /* GraphView.m in Sources */ = {isa = PBXBuildFile; fileRef = 46583CB517A0CA41007B6572 /* GraphView.m */; };
		46583CBA17A0D192007B6572 /* CaptureOperation.m in Sources */ = {isa = PBXBuildFile; fileRef = 46583CB917A0D192007B6572 /* CaptureOperation.m */; };
		466E550717AB2AA500C978C9 /* DataQueue.m in Sources */ = {isa = PBXBuildFile; fileRef = 466E550617AB2AA500C978C9 /* DataQueue.m */; };
		466E550A17AB491800C978C9 /* DataResampler.m in Sources */ = {isa = PBXBuildFile; fileRef = 466E550917AB491800C978C9 /* DataResampler.m */; };
		4682948417B4634D008AC9D4 /* SamplingData.m in Sources */ = {isa = PBXBuildFile; fileRef = 4682948317B4634D008AC9D4 /* SamplingData.m */; };
		4693D01D17C73DA9007B85E2 /* ServiceManagement.framework in Frameworks */ = {isa = PBXBuildFile; fileRef = 4693D01C17C73DA9007B85E2 /* ServiceManagement.framework */; };
		4693D02117C73E27007B85E2 /* Security.framework in Frameworks */ = {isa = PBXBuildFile; fileRef = 4693D02017C73E26007B85E2 /* Security.framework */; };
		469604F317CAD5CF00798814 /* FlowData.m in Sources */ = {isa = PBXBuildFile; fileRef = 469604F217CAD5CF00798814 /* FlowData.m */; };
		469604F617CDA7CB00798814 /* FlowTableDataSource.m in Sources */ = {isa = PBXBuildFile; fileRef = 469604F517CDA7CB00798814 /* FlowTableDataSource.m */; };
		4696050E17CDD2DB00798814 /* ServiceManagement.framework in Frameworks */ = {isa = PBXBuildFile; fileRef = 4696050D17CDD2DB00798814 /* ServiceManagement.framework */; };
		4696051017CDD2EC00798814 /* Security.framework in Frameworks */ = {isa = PBXBuildFile; fileRef = 4696050F17CDD2EC00798814 /* Security.framework */; };
		4696054B17CDFC9200798814 /* Foundation.framework in Frameworks */ = {isa = PBXBuildFile; fileRef = 469604FC17CDD02300798814 /* Foundation.framework */; };
		4696054E17CDFC9200798814 /* main.m in Sources */ = {isa = PBXBuildFile; fileRef = 4696054D17CDFC9200798814 /* main.m */; };
		4696055817CDFD8000798814 /* com.mac.hiroki.suenaga.OpenBPF in CopyFiles */ = {isa = PBXBuildFile; fileRef = 4696054A17CDFC9100798814 /* com.mac.hiroki.suenaga.OpenBPF */; };
		46A10AD117CEF4A50011A9E8 /* BPFControl.m in Sources */ = {isa = PBXBuildFile; fileRef = 46A10AD017CEF4A50011A9E8 /* BPFControl.m */; };
		46D1634217CE117C009418DF /* Info.plist in Resources */ = {isa = PBXBuildFile; fileRef = 46D1634017CE117C009418DF /* Info.plist */; };
		46D1634317CE117C009418DF /* Launchd.plist in Resources */ = {isa = PBXBuildFile; fileRef = 46D1634117CE117C009418DF /* Launchd.plist */; };
		46D8CD0117BC7D060028F793 /* DataQueueEntry.m in Sources */ = {isa = PBXBuildFile; fileRef = 46D8CD0017BC7D060028F793 /* DataQueueEntry.m */; };
		46DE97A917D2D15B009E0A16 /* BPFService.m in Sources */ = {isa = PBXBuildFile; fileRef = 46DE97A817D2D15B009E0A16 /* BPFService.m */; };
		46DE97AA17D2E1AC009E0A16 /* BPFService.m in Sources */ = {isa = PBXBuildFile; fileRef = 46DE97A817D2D15B009E0A16 /* BPFService.m */; };
/* End PBXBuildFile section */

/* Begin PBXContainerItemProxy section */
		4696055617CDFD7800798814 /* PBXContainerItemProxy */ = {
			isa = PBXContainerItemProxy;
			containerPortal = 4639F8191798BA9700E59491 /* Project object */;
			proxyType = 1;
			remoteGlobalIDString = 4696054917CDFC9100798814;
			remoteInfo = OpenBPF;
		};
/* End PBXContainerItemProxy section */

/* Begin PBXCopyFilesBuildPhase section */
		4696051117CDD64E00798814 /* CopyFiles */ = {
			isa = PBXCopyFilesBuildPhase;
			buildActionMask = 2147483647;
			dstPath = Contents/Library/LaunchServices;
			dstSubfolderSpec = 1;
			files = (
				4696055817CDFD8000798814 /* com.mac.hiroki.suenaga.OpenBPF in CopyFiles */,
			);
			runOnlyForDeploymentPostprocessing = 0;
		};
		4696054817CDFC9100798814 /* CopyFiles */ = {
			isa = PBXCopyFilesBuildPhase;
			buildActionMask = 2147483647;
			dstPath = /usr/share/man/man1/;
			dstSubfolderSpec = 0;
			files = (
			);
			runOnlyForDeploymentPostprocessing = 1;
		};
/* End PBXCopyFilesBuildPhase section */

/* Begin PBXFileReference section */
		46219ABA17B1C6EC00740A80 /* xtcpshow.iconset */ = {isa = PBXFileReference; lastKnownFileType = folder.iconset; path = xtcpshow.iconset; sourceTree = SOURCE_ROOT; };
		4639F8211798BA9700E59491 /* xtcpshow.app */ = {isa = PBXFileReference; explicitFileType = wrapper.application; includeInIndex = 0; path = xtcpshow.app; sourceTree = BUILT_PRODUCTS_DIR; };
		4639F8241798BA9700E59491 /* Cocoa.framework */ = {isa = PBXFileReference; lastKnownFileType = wrapper.framework; name = Cocoa.framework; path = System/Library/Frameworks/Cocoa.framework; sourceTree = SDKROOT; };
		4639F8271798BA9700E59491 /* AppKit.framework */ = {isa = PBXFileReference; lastKnownFileType = wrapper.framework; name = AppKit.framework; path = System/Library/Frameworks/AppKit.framework; sourceTree = SDKROOT; };
		4639F8281798BA9700E59491 /* CoreData.framework */ = {isa = PBXFileReference; lastKnownFileType = wrapper.framework; name = CoreData.framework; path = System/Library/Frameworks/CoreData.framework; sourceTree = SDKROOT; };
		4639F8291798BA9700E59491 /* Foundation.framework */ = {isa = PBXFileReference; lastKnownFileType = wrapper.framework; name = Foundation.framework; path = System/Library/Frameworks/Foundation.framework; sourceTree = SDKROOT; };
		4639F82C1798BA9700E59491 /* xtcpshow-Info.plist */ = {isa = PBXFileReference; lastKnownFileType = text.plist.xml; path = "xtcpshow-Info.plist"; sourceTree = "<group>"; };
		4639F82E1798BA9700E59491 /* en */ = {isa = PBXFileReference; lastKnownFileType = text.plist.strings; name = en; path = en.lproj/InfoPlist.strings; sourceTree = "<group>"; };
		4639F8301798BA9700E59491 /* main.m */ = {isa = PBXFileReference; lastKnownFileType = sourcecode.c.objc; path = main.m; sourceTree = "<group>"; };
		4639F8321798BA9700E59491 /* xtcpshow-Prefix.pch */ = {isa = PBXFileReference; lastKnownFileType = sourcecode.c.h; path = "xtcpshow-Prefix.pch"; sourceTree = "<group>"; };
		4639F8341798BA9700E59491 /* en */ = {isa = PBXFileReference; lastKnownFileType = text.rtf; name = en; path = en.lproj/Credits.rtf; sourceTree = "<group>"; };
		4639F8361798BA9700E59491 /* AppDelegate.h */ = {isa = PBXFileReference; lastKnownFileType = sourcecode.c.h; path = AppDelegate.h; sourceTree = "<group>"; };
		4639F8371798BA9700E59491 /* AppDelegate.m */ = {isa = PBXFileReference; lastKnownFileType = sourcecode.c.objc; path = AppDelegate.m; sourceTree = "<group>"; };
		4639F83A1798BA9700E59491 /* en */ = {isa = PBXFileReference; lastKnownFileType = file.xib; name = en; path = en.lproj/MainMenu.xib; sourceTree = "<group>"; };
		4639F8411799095A00E59491 /* CaptureModel.h */ = {isa = PBXFileReference; fileEncoding = 4; lastKnownFileType = sourcecode.c.h; path = CaptureModel.h; sourceTree = "<group>"; };
		4639F8421799095A00E59491 /* CaptureModel.m */ = {isa = PBXFileReference; fileEncoding = 4; lastKnownFileType = sourcecode.c.objc; path = CaptureModel.m; sourceTree = "<group>"; };
		4639F846179D0D0900E59491 /* libpcap.dylib */ = {isa = PBXFileReference; lastKnownFileType = "compiled.mach-o.dylib"; name = libpcap.dylib; path = usr/lib/libpcap.dylib; sourceTree = SDKROOT; };
		46583CB517A0CA41007B6572 /* GraphView.m */ = {isa = PBXFileReference; fileEncoding = 4; lastKnownFileType = sourcecode.c.objc; path = GraphView.m; sourceTree = "<group>"; };
		46583CB717A0CA4D007B6572 /* GraphView.h */ = {isa = PBXFileReference; fileEncoding = 4; lastKnownFileType = sourcecode.c.h; path = GraphView.h; sourceTree = "<group>"; };
		46583CB817A0D187007B6572 /* CaptureOperation.h */ = {isa = PBXFileReference; fileEncoding = 4; lastKnownFileType = sourcecode.c.h; path = CaptureOperation.h; sourceTree = "<group>"; };
		46583CB917A0D192007B6572 /* CaptureOperation.m */ = {isa = PBXFileReference; fileEncoding = 4; lastKnownFileType = sourcecode.c.objc; path = CaptureOperation.m; sourceTree = "<group>"; };
		466E550517AB2AA500C978C9 /* DataQueue.h */ = {isa = PBXFileReference; fileEncoding = 4; lastKnownFileType = sourcecode.c.h; path = DataQueue.h; sourceTree = "<group>"; };
		466E550617AB2AA500C978C9 /* DataQueue.m */ = {isa = PBXFileReference; fileEncoding = 4; lastKnownFileType = sourcecode.c.objc; path = DataQueue.m; sourceTree = "<group>"; };
		466E550817AB491800C978C9 /* DataResampler.h */ = {isa = PBXFileReference; fileEncoding = 4; lastKnownFileType = sourcecode.c.h; path = DataResampler.h; sourceTree = "<group>"; };
		466E550917AB491800C978C9 /* DataResampler.m */ = {isa = PBXFileReference; fileEncoding = 4; lastKnownFileType = sourcecode.c.objc; path = DataResampler.m; sourceTree = "<group>"; };
		4682948217B4634D008AC9D4 /* SamplingData.h */ = {isa = PBXFileReference; fileEncoding = 4; lastKnownFileType = sourcecode.c.h; path = SamplingData.h; sourceTree = "<group>"; };
		4682948317B4634D008AC9D4 /* SamplingData.m */ = {isa = PBXFileReference; fileEncoding = 4; lastKnownFileType = sourcecode.c.objc; path = SamplingData.m; sourceTree = "<group>"; };
		4693D00E17C72F8C007B85E2 /* Foundation.framework */ = {isa = PBXFileReference; lastKnownFileType = wrapper.framework; name = Foundation.framework; path = System/Library/Frameworks/Foundation.framework; sourceTree = SDKROOT; };
		4693D01C17C73DA9007B85E2 /* ServiceManagement.framework */ = {isa = PBXFileReference; lastKnownFileType = wrapper.framework; name = ServiceManagement.framework; path = System/Library/Frameworks/ServiceManagement.framework; sourceTree = SDKROOT; };
		4693D02017C73E26007B85E2 /* Security.framework */ = {isa = PBXFileReference; lastKnownFileType = wrapper.framework; name = Security.framework; path = System/Library/Frameworks/Security.framework; sourceTree = SDKROOT; };
		469604F117CAD5CF00798814 /* FlowData.h */ = {isa = PBXFileReference; fileEncoding = 4; lastKnownFileType = sourcecode.c.h; path = FlowData.h; sourceTree = "<group>"; };
		469604F217CAD5CF00798814 /* FlowData.m */ = {isa = PBXFileReference; fileEncoding = 4; lastKnownFileType = sourcecode.c.objc; path = FlowData.m; sourceTree = "<group>"; };
		469604F417CDA7CB00798814 /* FlowTableDataSource.h */ = {isa = PBXFileReference; fileEncoding = 4; lastKnownFileType = sourcecode.c.h; path = FlowTableDataSource.h; sourceTree = "<group>"; };
		469604F517CDA7CB00798814 /* FlowTableDataSource.m */ = {isa = PBXFileReference; fileEncoding = 4; lastKnownFileType = sourcecode.c.objc; path = FlowTableDataSource.m; sourceTree = "<group>"; };
		469604FC17CDD02300798814 /* Foundation.framework */ = {isa = PBXFileReference; lastKnownFileType = wrapper.framework; name = Foundation.framework; path = System/Library/Frameworks/Foundation.framework; sourceTree = SDKROOT; };
		4696050D17CDD2DB00798814 /* ServiceManagement.framework */ = {isa = PBXFileReference; lastKnownFileType = wrapper.framework; name = ServiceManagement.framework; path = System/Library/Frameworks/ServiceManagement.framework; sourceTree = SDKROOT; };
		4696050F17CDD2EC00798814 /* Security.framework */ = {isa = PBXFileReference; lastKnownFileType = wrapper.framework; name = Security.framework; path = System/Library/Frameworks/Security.framework; sourceTree = SDKROOT; };
		4696054A17CDFC9100798814 /* com.mac.hiroki.suenaga.OpenBPF */ = {isa = PBXFileReference; explicitFileType = "compiled.mach-o.executable"; includeInIndex = 0; path = com.mac.hiroki.suenaga.OpenBPF; sourceTree = BUILT_PRODUCTS_DIR; };
		4696054D17CDFC9200798814 /* main.m */ = {isa = PBXFileReference; lastKnownFileType = sourcecode.c.objc; path = main.m; sourceTree = "<group>"; };
		4696055017CDFC9200798814 /* OpenBPF-Prefix.pch */ = {isa = PBXFileReference; lastKnownFileType = sourcecode.c.h; path = "OpenBPF-Prefix.pch"; sourceTree = "<group>"; };
		46A10ACF17CEF4A50011A9E8 /* BPFControl.h */ = {isa = PBXFileReference; fileEncoding = 4; lastKnownFileType = sourcecode.c.h; path = BPFControl.h; sourceTree = "<group>"; };
		46A10AD017CEF4A50011A9E8 /* BPFControl.m */ = {isa = PBXFileReference; fileEncoding = 4; lastKnownFileType = sourcecode.c.objc; path = BPFControl.m; sourceTree = "<group>"; };
		46A10AD217CEF8DA0011A9E8 /* OpenBPFXPC.h */ = {isa = PBXFileReference; lastKnownFileType = sourcecode.c.h; path = OpenBPFXPC.h; sourceTree = "<group>"; };
		46A9207D17D835DC0083CC8D /* Readme.txt */ = {isa = PBXFileReference; lastKnownFileType = text; path = Readme.txt; sourceTree = "<group>"; };
		46A9207E17D836050083CC8D /* README.md */ = {isa = PBXFileReference; lastKnownFileType = text; path = README.md; sourceTree = "<group>"; };
		46A9208117D837D40083CC8D /* xtcpshow_screen.png */ = {isa = PBXFileReference; lastKnownFileType = image.png; path = xtcpshow_screen.png; sourceTree = "<group>"; };
		46D1634017CE117C009418DF /* Info.plist */ = {isa = PBXFileReference; fileEncoding = 4; lastKnownFileType = text.plist.xml; path = Info.plist; sourceTree = "<group>"; };
		46D1634117CE117C009418DF /* Launchd.plist */ = {isa = PBXFileReference; fileEncoding = 4; lastKnownFileType = text.plist.xml; path = Launchd.plist; sourceTree = "<group>"; };
		46D8CCFF17BC7D060028F793 /* DataQueueEntry.h */ = {isa = PBXFileReference; fileEncoding = 4; lastKnownFileType = sourcecode.c.h; path = DataQueueEntry.h; sourceTree = "<group>"; };
		46D8CD0017BC7D060028F793 /* DataQueueEntry.m */ = {isa = PBXFileReference; fileEncoding = 4; lastKnownFileType = sourcecode.c.objc; path = DataQueueEntry.m; sourceTree = "<group>"; };
		46DE97A717D2D15B009E0A16 /* BPFService.h */ = {isa = PBXFileReference; fileEncoding = 4; lastKnownFileType = sourcecode.c.h; path = BPFService.h; sourceTree = "<group>"; };
		46DE97A817D2D15B009E0A16 /* BPFService.m */ = {isa = PBXFileReference; fileEncoding = 4; lastKnownFileType = sourcecode.c.objc; path = BPFService.m; sourceTree = "<group>"; };
		46DE97AB17D3035E009E0A16 /* xtcpshow-uninstall.sh */ = {isa = PBXFileReference; lastKnownFileType = text.script.sh; path = "xtcpshow-uninstall.sh"; sourceTree = "<group>"; };
/* End PBXFileReference section */

/* Begin PBXFrameworksBuildPhase section */
		4639F81E1798BA9700E59491 /* Frameworks */ = {
			isa = PBXFrameworksBuildPhase;
			buildActionMask = 2147483647;
			files = (
				4693D02117C73E27007B85E2 /* Security.framework in Frameworks */,
				4693D01D17C73DA9007B85E2 /* ServiceManagement.framework in Frameworks */,
				4696051017CDD2EC00798814 /* Security.framework in Frameworks */,
				4696050E17CDD2DB00798814 /* ServiceManagement.framework in Frameworks */,
				4639F847179D0D0900E59491 /* libpcap.dylib in Frameworks */,
				4639F8251798BA9700E59491 /* Cocoa.framework in Frameworks */,
				4639F847179D0D0900E59491 /* libpcap.dylib in Frameworks */,
			);
			runOnlyForDeploymentPostprocessing = 0;
		};
		4696054717CDFC9100798814 /* Frameworks */ = {
			isa = PBXFrameworksBuildPhase;
			buildActionMask = 2147483647;
			files = (
				4696054B17CDFC9200798814 /* Foundation.framework in Frameworks */,
			);
			runOnlyForDeploymentPostprocessing = 0;
		};
/* End PBXFrameworksBuildPhase section */

/* Begin PBXGroup section */
		4639F8181798BA9600E59491 = {
			isa = PBXGroup;
			children = (
				46A9208017D8372D0083CC8D /* DiskImage */,
				46A9207F17D8371E0083CC8D /* GitHUB */,
				4639F82A1798BA9700E59491 /* xtcpshow */,
				4696054C17CDFC9200798814 /* OpenBPF */,
				4639F8231798BA9700E59491 /* Frameworks */,
				4639F8221798BA9700E59491 /* Products */,
			);
			sourceTree = "<group>";
		};
		4639F8221798BA9700E59491 /* Products */ = {
			isa = PBXGroup;
			children = (
				4639F8211798BA9700E59491 /* xtcpshow.app */,
				4696054A17CDFC9100798814 /* com.mac.hiroki.suenaga.OpenBPF */,
			);
			name = Products;
			sourceTree = "<group>";
		};
		4639F8231798BA9700E59491 /* Frameworks */ = {
			isa = PBXGroup;
			children = (
				4639F846179D0D0900E59491 /* libpcap.dylib */,
				4693D01C17C73DA9007B85E2 /* ServiceManagement.framework */,
				4693D02017C73E26007B85E2 /* Security.framework */,
				4639F8241798BA9700E59491 /* Cocoa.framework */,
				4693D00E17C72F8C007B85E2 /* Foundation.framework */,
				4696050F17CDD2EC00798814 /* Security.framework */,
				4696050D17CDD2DB00798814 /* ServiceManagement.framework */,
				4639F8241798BA9700E59491 /* Cocoa.framework */,
				469604FC17CDD02300798814 /* Foundation.framework */,
				4639F8261798BA9700E59491 /* Other Frameworks */,
			);
			name = Frameworks;
			sourceTree = "<group>";
		};
		4639F8261798BA9700E59491 /* Other Frameworks */ = {
			isa = PBXGroup;
			children = (
				4639F8271798BA9700E59491 /* AppKit.framework */,
				4639F8281798BA9700E59491 /* CoreData.framework */,
				4639F8291798BA9700E59491 /* Foundation.framework */,
			);
			name = "Other Frameworks";
			sourceTree = "<group>";
		};
		4639F82A1798BA9700E59491 /* xtcpshow */ = {
			isa = PBXGroup;
			children = (
				4639F8361798BA9700E59491 /* AppDelegate.h */,
				4639F8371798BA9700E59491 /* AppDelegate.m */,
				46A10ACF17CEF4A50011A9E8 /* BPFControl.h */,
				46A10AD017CEF4A50011A9E8 /* BPFControl.m */,
				4639F8411799095A00E59491 /* CaptureModel.h */,
				46583CB817A0D187007B6572 /* CaptureOperation.h */,
				46583CB917A0D192007B6572 /* CaptureOperation.m */,
				4639F8421799095A00E59491 /* CaptureModel.m */,
				46583CB817A0D187007B6572 /* CaptureOperation.h */,
				46583CB917A0D192007B6572 /* CaptureOperation.m */,
				469604F117CAD5CF00798814 /* FlowData.h */,
				469604F217CAD5CF00798814 /* FlowData.m */,
				469604F417CDA7CB00798814 /* FlowTableDataSource.h */,
				469604F517CDA7CB00798814 /* FlowTableDataSource.m */,
				466E550817AB491800C978C9 /* DataResampler.h */,
				466E550917AB491800C978C9 /* DataResampler.m */,
				466E550517AB2AA500C978C9 /* DataQueue.h */,
				466E550617AB2AA500C978C9 /* DataQueue.m */,
				4682948217B4634D008AC9D4 /* SamplingData.h */,
				4682948317B4634D008AC9D4 /* SamplingData.m */,
				46D8CCFF17BC7D060028F793 /* DataQueueEntry.h */,
				46D8CD0017BC7D060028F793 /* DataQueueEntry.m */,
				46583CB717A0CA4D007B6572 /* GraphView.h */,
				46583CB517A0CA41007B6572 /* GraphView.m */,
				4639F8391798BA9700E59491 /* MainMenu.xib */,
				4639F82B1798BA9700E59491 /* Supporting Files */,
			);
			path = xtcpshow;
			sourceTree = "<group>";
		};
		4639F82B1798BA9700E59491 /* Supporting Files */ = {
			isa = PBXGroup;
			children = (
				46219ABA17B1C6EC00740A80 /* xtcpshow.iconset */,
				4639F82C1798BA9700E59491 /* xtcpshow-Info.plist */,
				4639F82D1798BA9700E59491 /* InfoPlist.strings */,
				46219ABA17B1C6EC00740A80 /* xtcpshow.iconset */,
				4639F8301798BA9700E59491 /* main.m */,
				4639F8321798BA9700E59491 /* xtcpshow-Prefix.pch */,
				4639F8331798BA9700E59491 /* Credits.rtf */,
			);
			name = "Supporting Files";
			sourceTree = "<group>";
		};
		4696054C17CDFC9200798814 /* OpenBPF */ = {
			isa = PBXGroup;
			children = (
				46D1634017CE117C009418DF /* Info.plist */,
				46D1634117CE117C009418DF /* Launchd.plist */,
				4696054D17CDFC9200798814 /* main.m */,
				46DE97A717D2D15B009E0A16 /* BPFService.h */,
				46DE97A817D2D15B009E0A16 /* BPFService.m */,
				46A10AD217CEF8DA0011A9E8 /* OpenBPFXPC.h */,
				4696054F17CDFC9200798814 /* Supporting Files */,
			);
			path = OpenBPF;
			sourceTree = "<group>";
		};
		4696054F17CDFC9200798814 /* Supporting Files */ = {
			isa = PBXGroup;
			children = (
				4696055017CDFC9200798814 /* OpenBPF-Prefix.pch */,
			);
			name = "Supporting Files";
			sourceTree = "<group>";
		};
		46A9207F17D8371E0083CC8D /* GitHUB */ = {
			isa = PBXGroup;
			children = (
				46A9207E17D836050083CC8D /* README.md */,
				46A9208117D837D40083CC8D /* xtcpshow_screen.png */,
			);
			name = GitHUB;
			sourceTree = "<group>";
		};
		46A9208017D8372D0083CC8D /* DiskImage */ = {
			isa = PBXGroup;
			children = (
				46DE97AB17D3035E009E0A16 /* xtcpshow-uninstall.sh */,
				46A9207D17D835DC0083CC8D /* Readme.txt */,
			);
			name = DiskImage;
			sourceTree = "<group>";
		};
/* End PBXGroup section */

/* Begin PBXNativeTarget section */
		4639F8201798BA9700E59491 /* xtcpshow */ = {
			isa = PBXNativeTarget;
			buildConfigurationList = 4639F83E1798BA9700E59491 /* Build configuration list for PBXNativeTarget "xtcpshow" */;
			buildPhases = (
				4639F81D1798BA9700E59491 /* Sources */,
				4639F81E1798BA9700E59491 /* Frameworks */,
				4639F81F1798BA9700E59491 /* Resources */,
				4696051117CDD64E00798814 /* CopyFiles */,
			);
			buildRules = (
			);
			dependencies = (
				4696055717CDFD7800798814 /* PBXTargetDependency */,
			);
			name = xtcpshow;
			productName = xtcpshow;
			productReference = 4639F8211798BA9700E59491 /* xtcpshow.app */;
			productType = "com.apple.product-type.application";
		};
		4696054917CDFC9100798814 /* com.mac.hiroki.suenaga.OpenBPF */ = {
			isa = PBXNativeTarget;
			buildConfigurationList = 4696055317CDFC9200798814 /* Build configuration list for PBXNativeTarget "com.mac.hiroki.suenaga.OpenBPF" */;
			buildPhases = (
				4696054617CDFC9100798814 /* Sources */,
				4696054717CDFC9100798814 /* Frameworks */,
				4696054817CDFC9100798814 /* CopyFiles */,
			);
			buildRules = (
			);
			dependencies = (
			);
			name = com.mac.hiroki.suenaga.OpenBPF;
			productName = OpenBPF;
			productReference = 4696054A17CDFC9100798814 /* com.mac.hiroki.suenaga.OpenBPF */;
			productType = "com.apple.product-type.tool";
		};
/* End PBXNativeTarget section */

/* Begin PBXProject section */
		4639F8191798BA9700E59491 /* Project object */ = {
			isa = PBXProject;
			attributes = {
				LastUpgradeCheck = 0460;
				ORGANIZATIONNAME = "SUENAGA Hiroki";
			};
			buildConfigurationList = 4639F81C1798BA9700E59491 /* Build configuration list for PBXProject "xtcpshow" */;
			compatibilityVersion = "Xcode 3.2";
			developmentRegion = English;
			hasScannedForEncodings = 0;
			knownRegions = (
				en,
			);
			mainGroup = 4639F8181798BA9600E59491;
			productRefGroup = 4639F8221798BA9700E59491 /* Products */;
			projectDirPath = "";
			projectRoot = "";
			targets = (
				4639F8201798BA9700E59491 /* xtcpshow */,
				4696054917CDFC9100798814 /* com.mac.hiroki.suenaga.OpenBPF */,
			);
		};
/* End PBXProject section */

/* Begin PBXResourcesBuildPhase section */
		4639F81F1798BA9700E59491 /* Resources */ = {
			isa = PBXResourcesBuildPhase;
			buildActionMask = 2147483647;
			files = (
				4639F82F1798BA9700E59491 /* InfoPlist.strings in Resources */,
				4639F8351798BA9700E59491 /* Credits.rtf in Resources */,
				4639F83B1798BA9700E59491 /* MainMenu.xib in Resources */,
				46219ABB17B1C6EC00740A80 /* xtcpshow.iconset in Resources */,
				46D1634217CE117C009418DF /* Info.plist in Resources */,
				46D1634317CE117C009418DF /* Launchd.plist in Resources */,
			);
			runOnlyForDeploymentPostprocessing = 0;
		};
/* End PBXResourcesBuildPhase section */

/* Begin PBXSourcesBuildPhase section */
		4639F81D1798BA9700E59491 /* Sources */ = {
			isa = PBXSourcesBuildPhase;
			buildActionMask = 2147483647;
			files = (
				4639F8311798BA9700E59491 /* main.m in Sources */,
				4639F8381798BA9700E59491 /* AppDelegate.m in Sources */,
				4639F8431799095A00E59491 /* CaptureModel.m in Sources */,
				46583CB617A0CA41007B6572 /* GraphView.m in Sources */,
				46583CBA17A0D192007B6572 /* CaptureOperation.m in Sources */,
				466E550717AB2AA500C978C9 /* DataQueue.m in Sources */,
				466E550A17AB491800C978C9 /* DataResampler.m in Sources */,
				4682948417B4634D008AC9D4 /* SamplingData.m in Sources */,
				46D8CD0117BC7D060028F793 /* DataQueueEntry.m in Sources */,
				469604F317CAD5CF00798814 /* FlowData.m in Sources */,
				469604F617CDA7CB00798814 /* FlowTableDataSource.m in Sources */,
				46A10AD117CEF4A50011A9E8 /* BPFControl.m in Sources */,
				46DE97A917D2D15B009E0A16 /* BPFService.m in Sources */,
			);
			runOnlyForDeploymentPostprocessing = 0;
		};
		4696054617CDFC9100798814 /* Sources */ = {
			isa = PBXSourcesBuildPhase;
			buildActionMask = 2147483647;
			files = (
				46DE97AA17D2E1AC009E0A16 /* BPFService.m in Sources */,
				4696054E17CDFC9200798814 /* main.m in Sources */,
			);
			runOnlyForDeploymentPostprocessing = 0;
		};
/* End PBXSourcesBuildPhase section */

/* Begin PBXTargetDependency section */
		4696055717CDFD7800798814 /* PBXTargetDependency */ = {
			isa = PBXTargetDependency;
			target = 4696054917CDFC9100798814 /* com.mac.hiroki.suenaga.OpenBPF */;
			targetProxy = 4696055617CDFD7800798814 /* PBXContainerItemProxy */;
		};
/* End PBXTargetDependency section */

/* Begin PBXVariantGroup section */
		4639F82D1798BA9700E59491 /* InfoPlist.strings */ = {
			isa = PBXVariantGroup;
			children = (
				4639F82E1798BA9700E59491 /* en */,
			);
			name = InfoPlist.strings;
			sourceTree = "<group>";
		};
		4639F8331798BA9700E59491 /* Credits.rtf */ = {
			isa = PBXVariantGroup;
			children = (
				4639F8341798BA9700E59491 /* en */,
			);
			name = Credits.rtf;
			sourceTree = "<group>";
		};
		4639F8391798BA9700E59491 /* MainMenu.xib */ = {
			isa = PBXVariantGroup;
			children = (
				4639F83A1798BA9700E59491 /* en */,
			);
			name = MainMenu.xib;
			sourceTree = "<group>";
		};
/* End PBXVariantGroup section */

/* Begin XCBuildConfiguration section */
		4639F83C1798BA9700E59491 /* Debug */ = {
			isa = XCBuildConfiguration;
			buildSettings = {
				ALWAYS_SEARCH_USER_PATHS = NO;
				ARCHS = "$(ARCHS_STANDARD_64_BIT)";
				CLANG_CXX_LANGUAGE_STANDARD = "gnu++0x";
				CLANG_CXX_LIBRARY = "libc++";
				CLANG_ENABLE_OBJC_ARC = YES;
				CLANG_WARN_CONSTANT_CONVERSION = YES;
				CLANG_WARN_EMPTY_BODY = YES;
				CLANG_WARN_ENUM_CONVERSION = YES;
				CLANG_WARN_INT_CONVERSION = YES;
				CLANG_WARN__DUPLICATE_METHOD_MATCH = YES;
				CODE_SIGN_IDENTITY = "Mac Developer";
				COPY_PHASE_STRIP = NO;
				GCC_C_LANGUAGE_STANDARD = gnu99;
				GCC_DYNAMIC_NO_PIC = NO;
				GCC_ENABLE_OBJC_EXCEPTIONS = YES;
				GCC_OPTIMIZATION_LEVEL = 0;
				GCC_PREPROCESSOR_DEFINITIONS = (
					"DEBUG=1",
					"$(inherited)",
				);
				GCC_SYMBOLS_PRIVATE_EXTERN = NO;
				GCC_WARN_64_TO_32_BIT_CONVERSION = YES;
				GCC_WARN_ABOUT_RETURN_TYPE = YES;
				GCC_WARN_UNINITIALIZED_AUTOS = YES;
				GCC_WARN_UNUSED_VARIABLE = YES;
				MACOSX_DEPLOYMENT_TARGET = 10.8;
				ONLY_ACTIVE_ARCH = YES;
				PROVISIONING_PROFILE = "";
				SDKROOT = macosx;
				STRIP_INSTALLED_PRODUCT = NO;
			};
			name = Debug;
		};
		4639F83D1798BA9700E59491 /* Release */ = {
			isa = XCBuildConfiguration;
			buildSettings = {
				ALWAYS_SEARCH_USER_PATHS = NO;
				ARCHS = "$(ARCHS_STANDARD_64_BIT)";
				CLANG_CXX_LANGUAGE_STANDARD = "gnu++0x";
				CLANG_CXX_LIBRARY = "libc++";
				CLANG_ENABLE_OBJC_ARC = YES;
				CLANG_WARN_CONSTANT_CONVERSION = YES;
				CLANG_WARN_EMPTY_BODY = YES;
				CLANG_WARN_ENUM_CONVERSION = YES;
				CLANG_WARN_INT_CONVERSION = YES;
				CLANG_WARN__DUPLICATE_METHOD_MATCH = YES;
				CODE_SIGN_IDENTITY = "Mac Developer";
				COPY_PHASE_STRIP = NO;
				DEBUG_INFORMATION_FORMAT = "dwarf-with-dsym";
				GCC_C_LANGUAGE_STANDARD = gnu99;
				GCC_ENABLE_OBJC_EXCEPTIONS = YES;
				GCC_WARN_64_TO_32_BIT_CONVERSION = YES;
				GCC_WARN_ABOUT_RETURN_TYPE = YES;
				GCC_WARN_UNINITIALIZED_AUTOS = YES;
				GCC_WARN_UNUSED_VARIABLE = YES;
				MACOSX_DEPLOYMENT_TARGET = 10.8;
				PROVISIONING_PROFILE = "";
				SDKROOT = macosx;
				STRIP_INSTALLED_PRODUCT = NO;
			};
			name = Release;
		};
		4639F83F1798BA9700E59491 /* Debug */ = {
			isa = XCBuildConfiguration;
			buildSettings = {
				CODE_SIGN_IDENTITY = "Developer ID Application: Hiroki SUENAGA (BSVYLYB6S2)";
				COMBINE_HIDPI_IMAGES = YES;
				GCC_PRECOMPILE_PREFIX_HEADER = YES;
				GCC_PREFIX_HEADER = "xtcpshow/xtcpshow-Prefix.pch";
				HEADER_SEARCH_PATHS = "";
				INFOPLIST_FILE = "xtcpshow/xtcpshow-Info.plist";
				PRODUCT_NAME = "$(TARGET_NAME)";
				PROVISIONING_PROFILE = "";
				USER_HEADER_SEARCH_PATHS = OpenBPF;
				WRAPPER_EXTENSION = app;
			};
			name = Debug;
		};
		4639F8401798BA9700E59491 /* Release */ = {
			isa = XCBuildConfiguration;
			buildSettings = {
				CODE_SIGN_IDENTITY = "Developer ID Application: Hiroki SUENAGA (BSVYLYB6S2)";
				COMBINE_HIDPI_IMAGES = YES;
				GCC_PRECOMPILE_PREFIX_HEADER = YES;
				GCC_PREFIX_HEADER = "xtcpshow/xtcpshow-Prefix.pch";
				HEADER_SEARCH_PATHS = "";
				INFOPLIST_FILE = "xtcpshow/xtcpshow-Info.plist";
				PRODUCT_NAME = "$(TARGET_NAME)";
				PROVISIONING_PROFILE = "";
				USER_HEADER_SEARCH_PATHS = OpenBPF;
				WRAPPER_EXTENSION = app;
			};
			name = Release;
		};
		4696055417CDFC9200798814 /* Debug */ = {
			isa = XCBuildConfiguration;
			buildSettings = {
				CODE_SIGN_IDENTITY = "Developer ID Application: Hiroki SUENAGA (BSVYLYB6S2)";
				GCC_PRECOMPILE_PREFIX_HEADER = YES;
				GCC_PREFIX_HEADER = "OpenBPF/OpenBPF-Prefix.pch";
				INFOPLIST_FILE = OpenBPF/Info.plist;
				OTHER_LDFLAGS = (
					"-sectcreate",
					__TEXT,
					__info_plist,
					OpenBPF/Info.plist,
					"-sectcreate",
					__TEXT,
					__launchd_plist,
					OpenBPF/Launchd.plist,
				);
				PRODUCT_NAME = com.mac.hiroki.suenaga.OpenBPF;
				PROVISIONING_PROFILE = "";
				SKIP_INSTALL = YES;
			};
			name = Debug;
		};
		4696055517CDFC9200798814 /* Release */ = {
			isa = XCBuildConfiguration;
			buildSettings = {
				CODE_SIGN_IDENTITY = "Developer ID Application: Hiroki SUENAGA (BSVYLYB6S2)";
				GCC_PRECOMPILE_PREFIX_HEADER = YES;
				GCC_PREFIX_HEADER = "OpenBPF/OpenBPF-Prefix.pch";
				INFOPLIST_FILE = OpenBPF/Info.plist;
				OTHER_LDFLAGS = (
					"-sectcreate",
					__TEXT,
					__info_plist,
					OpenBPF/Info.plist,
					"-sectcreate",
					__TEXT,
					__launchd_plist,
					OpenBPF/Launchd.plist,
				);
				PRODUCT_NAME = com.mac.hiroki.suenaga.OpenBPF;
				PROVISIONING_PROFILE = "";
				SKIP_INSTALL = YES;
			};
			name = Release;
		};
/* End XCBuildConfiguration section */

/* Begin XCConfigurationList section */
		4639F81C1798BA9700E59491 /* Build configuration list for PBXProject "xtcpshow" */ = {
			isa = XCConfigurationList;
			buildConfigurations = (
				4639F83C1798BA9700E59491 /* Debug */,
				4639F83D1798BA9700E59491 /* Release */,
			);
			defaultConfigurationIsVisible = 0;
			defaultConfigurationName = Release;
		};
		4639F83E1798BA9700E59491 /* Build configuration list for PBXNativeTarget "xtcpshow" */ = {
			isa = XCConfigurationList;
			buildConfigurations = (
				4639F83F1798BA9700E59491 /* Debug */,
				4639F8401798BA9700E59491 /* Release */,
			);
			defaultConfigurationIsVisible = 0;
			defaultConfigurationName = Release;
		};
		4696055317CDFC9200798814 /* Build configuration list for PBXNativeTarget "com.mac.hiroki.suenaga.OpenBPF" */ = {
			isa = XCConfigurationList;
			buildConfigurations = (
				4696055417CDFC9200798814 /* Debug */,
				4696055517CDFC9200798814 /* Release */,
			);
			defaultConfigurationIsVisible = 0;
			defaultConfigurationName = Release;
		};
/* End XCConfigurationList section */
	};
	rootObject = 4639F8191798BA9700E59491 /* Project object */;
}
