// !$*UTF8*$!
{
	archiveVersion = 1;
	classes = {
	};
	objectVersion = 46;
	objects = {

/* Begin PBXBuildFile section */
		4605413F2017272A008DC910 /* Foundation.framework in Frameworks */ = {isa = PBXBuildFile; fileRef = 4639F8291798BA9700E59491 /* Foundation.framework */; };
		4605414020172738008DC910 /* Security.framework in Frameworks */ = {isa = PBXBuildFile; fileRef = 4696050F17CDD2EC00798814 /* Security.framework */; };
		460541412017280F008DC910 /* main.m in Sources */ = {isa = PBXBuildFile; fileRef = 4696054D17CDFC9200798814 /* main.m */; };
		4605414220172816008DC910 /* BPFService.m in Sources */ = {isa = PBXBuildFile; fileRef = 46DE97A817D2D15B009E0A16 /* BPFService.m */; };
		4605414520172853008DC910 /* com.mac.hiroki.suenaga.OpenBPF in CopyFiles */ = {isa = PBXBuildFile; fileRef = 4605413820172706008DC910 /* com.mac.hiroki.suenaga.OpenBPF */; settings = {ATTRIBUTES = (CodeSignOnCopy, ); }; };
		46129EFD1FE90039004C6130 /* SecurityFoundation.framework in Frameworks */ = {isa = PBXBuildFile; fileRef = 46129EFC1FE90039004C6130 /* SecurityFoundation.framework */; };
		462081201FECEA00003B3C74 /* TrafficIndex.m in Sources */ = {isa = PBXBuildFile; fileRef = 4620811F1FECEA00003B3C74 /* TrafficIndex.m */; };
		46219ABB17B1C6EC00740A80 /* xtcpshow.iconset in Resources */ = {isa = PBXBuildFile; fileRef = 46219ABA17B1C6EC00740A80 /* xtcpshow.iconset */; };
		4639F8251798BA9700E59491 /* Cocoa.framework in Frameworks */ = {isa = PBXBuildFile; fileRef = 4639F8241798BA9700E59491 /* Cocoa.framework */; };
		4639F82F1798BA9700E59491 /* InfoPlist.strings in Resources */ = {isa = PBXBuildFile; fileRef = 4639F82D1798BA9700E59491 /* InfoPlist.strings */; };
		4639F8311798BA9700E59491 /* main.m in Sources */ = {isa = PBXBuildFile; fileRef = 4639F8301798BA9700E59491 /* main.m */; };
		4639F8351798BA9700E59491 /* Credits.rtf in Resources */ = {isa = PBXBuildFile; fileRef = 4639F8331798BA9700E59491 /* Credits.rtf */; };
		4639F8381798BA9700E59491 /* AppDelegate.m in Sources */ = {isa = PBXBuildFile; fileRef = 4639F8371798BA9700E59491 /* AppDelegate.m */; };
		4639F83B1798BA9700E59491 /* MainMenu.xib in Resources */ = {isa = PBXBuildFile; fileRef = 4639F8391798BA9700E59491 /* MainMenu.xib */; };
		4639F8431799095A00E59491 /* CaptureModel.m in Sources */ = {isa = PBXBuildFile; fileRef = 4639F8421799095A00E59491 /* CaptureModel.m */; };
		4639F847179D0D0900E59491 /* libpcap.dylib in Frameworks */ = {isa = PBXBuildFile; fileRef = 4639F846179D0D0900E59491 /* libpcap.dylib */; };
		46580546201F0C8F00169963 /* GraphView+Draw.m in Sources */ = {isa = PBXBuildFile; fileRef = 46580545201F0C8F00169963 /* GraphView+Draw.m */; };
		465805492020051300169963 /* GenericData.m in Sources */ = {isa = PBXBuildFile; fileRef = 465805482020051300169963 /* GenericData.m */; };
		46583CB617A0CA41007B6572 /* GraphView.m in Sources */ = {isa = PBXBuildFile; fileRef = 46583CB517A0CA41007B6572 /* GraphView.m */; };
		46583CBA17A0D192007B6572 /* CaptureOperation.m in Sources */ = {isa = PBXBuildFile; fileRef = 46583CB917A0D192007B6572 /* CaptureOperation.m */; };
		4664DA8C2019794000438512 /* OpenBPFService.m in Sources */ = {isa = PBXBuildFile; fileRef = 4664DA8B2019794000438512 /* OpenBPFService.m */; };
		4664DA8F2019A3CC00438512 /* authopenBPF.m in Sources */ = {isa = PBXBuildFile; fileRef = 4664DA8E2019A3CC00438512 /* authopenBPF.m */; };
		466DD1731FEB6D8300A58CB1 /* TrafficData.m in Sources */ = {isa = PBXBuildFile; fileRef = 466DD1721FEB6D8300A58CB1 /* TrafficData.m */; };
		466E550717AB2AA500C978C9 /* ComputeQueue.m in Sources */ = {isa = PBXBuildFile; fileRef = 466E550617AB2AA500C978C9 /* ComputeQueue.m */; };
		466E550A17AB491800C978C9 /* PID.m in Sources */ = {isa = PBXBuildFile; fileRef = 466E550917AB491800C978C9 /* PID.m */; };
		4682948417B4634D008AC9D4 /* DerivedData.m in Sources */ = {isa = PBXBuildFile; fileRef = 4682948317B4634D008AC9D4 /* DerivedData.m */; };
		4696050E17CDD2DB00798814 /* ServiceManagement.framework in Frameworks */ = {isa = PBXBuildFile; fileRef = 4696050D17CDD2DB00798814 /* ServiceManagement.framework */; };
		4696051017CDD2EC00798814 /* Security.framework in Frameworks */ = {isa = PBXBuildFile; fileRef = 4696050F17CDD2EC00798814 /* Security.framework */; };
		46A10AD117CEF4A50011A9E8 /* CaptureBPF.m in Sources */ = {isa = PBXBuildFile; fileRef = 46A10AD017CEF4A50011A9E8 /* CaptureBPF.m */; };
		46B19D9520157E7A009F2ECD /* TrafficDB.m in Sources */ = {isa = PBXBuildFile; fileRef = 46B19D9420157E7A009F2ECD /* TrafficDB.m */; };
		46C08CBC200875200006E8D5 /* Queue.m in Sources */ = {isa = PBXBuildFile; fileRef = 46C08CBB200875200006E8D5 /* Queue.m */; };
		46C08CBF20089CB00006E8D5 /* FIR.m in Sources */ = {isa = PBXBuildFile; fileRef = 46C08CBE20089CB00006E8D5 /* FIR.m */; };
		46CB9010201B971B00E470C8 /* GraphViewOperation.m in Sources */ = {isa = PBXBuildFile; fileRef = 46CB900F201B971B00E470C8 /* GraphViewOperation.m */; };
		46DE97A917D2D15B009E0A16 /* BPFService.m in Sources */ = {isa = PBXBuildFile; fileRef = 46DE97A817D2D15B009E0A16 /* BPFService.m */; };
/* End PBXBuildFile section */

/* Begin PBXContainerItemProxy section */
		4605414320172848008DC910 /* PBXContainerItemProxy */ = {
			isa = PBXContainerItemProxy;
			containerPortal = 4639F8191798BA9700E59491 /* Project object */;
			proxyType = 1;
			remoteGlobalIDString = 4605413720172706008DC910;
			remoteInfo = Helper;
		};
/* End PBXContainerItemProxy section */

/* Begin PBXCopyFilesBuildPhase section */
		4605413620172706008DC910 /* CopyFiles */ = {
			isa = PBXCopyFilesBuildPhase;
			buildActionMask = 2147483647;
			dstPath = /usr/share/man/man1/;
			dstSubfolderSpec = 0;
			files = (
			);
			runOnlyForDeploymentPostprocessing = 1;
		};
		4696051117CDD64E00798814 /* CopyFiles */ = {
			isa = PBXCopyFilesBuildPhase;
			buildActionMask = 12;
			dstPath = Contents/Library/LaunchServices;
			dstSubfolderSpec = 1;
			files = (
				4605414520172853008DC910 /* com.mac.hiroki.suenaga.OpenBPF in CopyFiles */,
			);
			runOnlyForDeploymentPostprocessing = 0;
		};
/* End PBXCopyFilesBuildPhase section */

/* Begin PBXFileReference section */
		4605413820172706008DC910 /* com.mac.hiroki.suenaga.OpenBPF */ = {isa = PBXFileReference; explicitFileType = "compiled.mach-o.executable"; includeInIndex = 0; path = com.mac.hiroki.suenaga.OpenBPF; sourceTree = BUILT_PRODUCTS_DIR; };
		46129EFC1FE90039004C6130 /* SecurityFoundation.framework */ = {isa = PBXFileReference; lastKnownFileType = wrapper.framework; name = SecurityFoundation.framework; path = System/Library/Frameworks/SecurityFoundation.framework; sourceTree = SDKROOT; };
		4620811D1FECE93C003B3C74 /* TimeConverter.h */ = {isa = PBXFileReference; lastKnownFileType = sourcecode.c.h; path = TimeConverter.h; sourceTree = "<group>"; };
		4620811E1FECEA00003B3C74 /* TrafficIndex.h */ = {isa = PBXFileReference; lastKnownFileType = sourcecode.c.h; path = TrafficIndex.h; sourceTree = "<group>"; };
		4620811F1FECEA00003B3C74 /* TrafficIndex.m */ = {isa = PBXFileReference; lastKnownFileType = sourcecode.c.objc; path = TrafficIndex.m; sourceTree = "<group>"; };
		46219ABA17B1C6EC00740A80 /* xtcpshow.iconset */ = {isa = PBXFileReference; lastKnownFileType = folder.iconset; path = xtcpshow.iconset; sourceTree = SOURCE_ROOT; };
		4639F8211798BA9700E59491 /* xtcpshow.app */ = {isa = PBXFileReference; explicitFileType = wrapper.application; includeInIndex = 0; path = xtcpshow.app; sourceTree = BUILT_PRODUCTS_DIR; };
		4639F8241798BA9700E59491 /* Cocoa.framework */ = {isa = PBXFileReference; lastKnownFileType = wrapper.framework; name = Cocoa.framework; path = System/Library/Frameworks/Cocoa.framework; sourceTree = SDKROOT; };
		4639F8271798BA9700E59491 /* AppKit.framework */ = {isa = PBXFileReference; lastKnownFileType = wrapper.framework; name = AppKit.framework; path = System/Library/Frameworks/AppKit.framework; sourceTree = SDKROOT; };
		4639F8281798BA9700E59491 /* CoreData.framework */ = {isa = PBXFileReference; lastKnownFileType = wrapper.framework; name = CoreData.framework; path = System/Library/Frameworks/CoreData.framework; sourceTree = SDKROOT; };
		4639F8291798BA9700E59491 /* Foundation.framework */ = {isa = PBXFileReference; lastKnownFileType = wrapper.framework; name = Foundation.framework; path = System/Library/Frameworks/Foundation.framework; sourceTree = SDKROOT; };
		4639F82C1798BA9700E59491 /* xtcpshow-Info.plist */ = {isa = PBXFileReference; lastKnownFileType = text.plist.xml; path = "xtcpshow-Info.plist"; sourceTree = "<group>"; };
		4639F82E1798BA9700E59491 /* en */ = {isa = PBXFileReference; lastKnownFileType = text.plist.strings; name = en; path = en.lproj/InfoPlist.strings; sourceTree = "<group>"; };
		4639F8301798BA9700E59491 /* main.m */ = {isa = PBXFileReference; lastKnownFileType = sourcecode.c.objc; path = main.m; sourceTree = "<group>"; };
		4639F8321798BA9700E59491 /* xtcpshow-Prefix.pch */ = {isa = PBXFileReference; lastKnownFileType = sourcecode.c.h; path = "xtcpshow-Prefix.pch"; sourceTree = "<group>"; };
		4639F8341798BA9700E59491 /* en */ = {isa = PBXFileReference; lastKnownFileType = text.rtf; name = en; path = en.lproj/Credits.rtf; sourceTree = "<group>"; };
		4639F8361798BA9700E59491 /* AppDelegate.h */ = {isa = PBXFileReference; lastKnownFileType = sourcecode.c.h; path = AppDelegate.h; sourceTree = "<group>"; };
		4639F8371798BA9700E59491 /* AppDelegate.m */ = {isa = PBXFileReference; lastKnownFileType = sourcecode.c.objc; path = AppDelegate.m; sourceTree = "<group>"; };
		4639F83A1798BA9700E59491 /* en */ = {isa = PBXFileReference; lastKnownFileType = file.xib; name = en; path = en.lproj/MainMenu.xib; sourceTree = "<group>"; };
		4639F8411799095A00E59491 /* CaptureModel.h */ = {isa = PBXFileReference; fileEncoding = 4; lastKnownFileType = sourcecode.c.h; path = CaptureModel.h; sourceTree = "<group>"; };
		4639F8421799095A00E59491 /* CaptureModel.m */ = {isa = PBXFileReference; fileEncoding = 4; lastKnownFileType = sourcecode.c.objc; path = CaptureModel.m; sourceTree = "<group>"; };
		4639F846179D0D0900E59491 /* libpcap.dylib */ = {isa = PBXFileReference; lastKnownFileType = "compiled.mach-o.dylib"; name = libpcap.dylib; path = usr/lib/libpcap.dylib; sourceTree = SDKROOT; };
		46580544201F0C8F00169963 /* GraphView+Draw.h */ = {isa = PBXFileReference; lastKnownFileType = sourcecode.c.h; path = "GraphView+Draw.h"; sourceTree = "<group>"; };
		46580545201F0C8F00169963 /* GraphView+Draw.m */ = {isa = PBXFileReference; lastKnownFileType = sourcecode.c.objc; path = "GraphView+Draw.m"; sourceTree = "<group>"; };
		465805472020051300169963 /* GenericData.h */ = {isa = PBXFileReference; lastKnownFileType = sourcecode.c.h; path = GenericData.h; sourceTree = "<group>"; };
		465805482020051300169963 /* GenericData.m */ = {isa = PBXFileReference; lastKnownFileType = sourcecode.c.objc; path = GenericData.m; sourceTree = "<group>"; };
		46583CB517A0CA41007B6572 /* GraphView.m */ = {isa = PBXFileReference; fileEncoding = 4; lastKnownFileType = sourcecode.c.objc; path = GraphView.m; sourceTree = "<group>"; };
		46583CB717A0CA4D007B6572 /* GraphView.h */ = {isa = PBXFileReference; fileEncoding = 4; lastKnownFileType = sourcecode.c.h; path = GraphView.h; sourceTree = "<group>"; };
		46583CB817A0D187007B6572 /* CaptureOperation.h */ = {isa = PBXFileReference; fileEncoding = 4; lastKnownFileType = sourcecode.c.h; path = CaptureOperation.h; sourceTree = "<group>"; };
		46583CB917A0D192007B6572 /* CaptureOperation.m */ = {isa = PBXFileReference; fileEncoding = 4; lastKnownFileType = sourcecode.c.objc; path = CaptureOperation.m; sourceTree = "<group>"; };
		4664DA86201977C900438512 /* xtcpshowDebug-Info.plist */ = {isa = PBXFileReference; fileEncoding = 4; lastKnownFileType = text.plist.xml; path = "xtcpshowDebug-Info.plist"; sourceTree = "<group>"; };
		4664DA88201977F300438512 /* OpenBPF-DebugInfo.plist */ = {isa = PBXFileReference; fileEncoding = 4; lastKnownFileType = text.plist.xml; path = "OpenBPF-DebugInfo.plist"; sourceTree = "<group>"; };
		4664DA8A2019794000438512 /* OpenBPFService.h */ = {isa = PBXFileReference; lastKnownFileType = sourcecode.c.h; path = OpenBPFService.h; sourceTree = "<group>"; };
		4664DA8B2019794000438512 /* OpenBPFService.m */ = {isa = PBXFileReference; lastKnownFileType = sourcecode.c.objc; path = OpenBPFService.m; sourceTree = "<group>"; };
		4664DA8D2019A3CC00438512 /* authopenBPF.h */ = {isa = PBXFileReference; lastKnownFileType = sourcecode.c.h; path = authopenBPF.h; sourceTree = "<group>"; };
		4664DA8E2019A3CC00438512 /* authopenBPF.m */ = {isa = PBXFileReference; lastKnownFileType = sourcecode.c.objc; path = authopenBPF.m; sourceTree = "<group>"; };
		466DD1711FEB6D8300A58CB1 /* TrafficData.h */ = {isa = PBXFileReference; lastKnownFileType = sourcecode.c.h; path = TrafficData.h; sourceTree = "<group>"; };
		466DD1721FEB6D8300A58CB1 /* TrafficData.m */ = {isa = PBXFileReference; lastKnownFileType = sourcecode.c.objc; path = TrafficData.m; sourceTree = "<group>"; };
		466E550517AB2AA500C978C9 /* ComputeQueue.h */ = {isa = PBXFileReference; fileEncoding = 4; lastKnownFileType = sourcecode.c.h; path = ComputeQueue.h; sourceTree = "<group>"; };
		466E550617AB2AA500C978C9 /* ComputeQueue.m */ = {isa = PBXFileReference; fileEncoding = 4; lastKnownFileType = sourcecode.c.objc; path = ComputeQueue.m; sourceTree = "<group>"; };
		466E550817AB491800C978C9 /* PID.h */ = {isa = PBXFileReference; fileEncoding = 4; lastKnownFileType = sourcecode.c.h; path = PID.h; sourceTree = "<group>"; };
		466E550917AB491800C978C9 /* PID.m */ = {isa = PBXFileReference; fileEncoding = 4; lastKnownFileType = sourcecode.c.objc; path = PID.m; sourceTree = "<group>"; };
		4682948217B4634D008AC9D4 /* DerivedData.h */ = {isa = PBXFileReference; fileEncoding = 4; lastKnownFileType = sourcecode.c.h; path = DerivedData.h; sourceTree = "<group>"; };
		4682948317B4634D008AC9D4 /* DerivedData.m */ = {isa = PBXFileReference; fileEncoding = 4; lastKnownFileType = sourcecode.c.objc; path = DerivedData.m; sourceTree = "<group>"; };
		469604FC17CDD02300798814 /* Foundation.framework */ = {isa = PBXFileReference; lastKnownFileType = wrapper.framework; name = Foundation.framework; path = System/Library/Frameworks/Foundation.framework; sourceTree = SDKROOT; };
		4696050D17CDD2DB00798814 /* ServiceManagement.framework */ = {isa = PBXFileReference; lastKnownFileType = wrapper.framework; name = ServiceManagement.framework; path = System/Library/Frameworks/ServiceManagement.framework; sourceTree = SDKROOT; };
		4696050F17CDD2EC00798814 /* Security.framework */ = {isa = PBXFileReference; lastKnownFileType = wrapper.framework; name = Security.framework; path = System/Library/Frameworks/Security.framework; sourceTree = SDKROOT; };
		4696054D17CDFC9200798814 /* main.m */ = {isa = PBXFileReference; lastKnownFileType = sourcecode.c.objc; path = main.m; sourceTree = "<group>"; };
		4696055017CDFC9200798814 /* OpenBPF-Prefix.pch */ = {isa = PBXFileReference; lastKnownFileType = sourcecode.c.h; path = "OpenBPF-Prefix.pch"; sourceTree = "<group>"; };
		46A10ACF17CEF4A50011A9E8 /* CaptureBPF.h */ = {isa = PBXFileReference; fileEncoding = 4; lastKnownFileType = sourcecode.c.h; path = CaptureBPF.h; sourceTree = "<group>"; };
		46A10AD017CEF4A50011A9E8 /* CaptureBPF.m */ = {isa = PBXFileReference; fileEncoding = 4; lastKnownFileType = sourcecode.c.objc; path = CaptureBPF.m; sourceTree = "<group>"; };
		46A10AD217CEF8DA0011A9E8 /* OpenBPFXPC.h */ = {isa = PBXFileReference; lastKnownFileType = sourcecode.c.h; path = OpenBPFXPC.h; sourceTree = "<group>"; };
		46A9207E17D836050083CC8D /* README.md */ = {isa = PBXFileReference; lastKnownFileType = text; path = README.md; sourceTree = "<group>"; };
		46A9208117D837D40083CC8D /* xtcpshow_screen.png */ = {isa = PBXFileReference; lastKnownFileType = image.png; path = xtcpshow_screen.png; sourceTree = "<group>"; };
		46A9208217D87D880083CC8D /* License.txt */ = {isa = PBXFileReference; lastKnownFileType = text; path = License.txt; sourceTree = "<group>"; };
		46B19D9320157E7A009F2ECD /* TrafficDB.h */ = {isa = PBXFileReference; lastKnownFileType = sourcecode.c.h; path = TrafficDB.h; sourceTree = "<group>"; };
		46B19D9420157E7A009F2ECD /* TrafficDB.m */ = {isa = PBXFileReference; lastKnownFileType = sourcecode.c.objc; path = TrafficDB.m; sourceTree = "<group>"; };
		46C08CBB200875200006E8D5 /* Queue.m */ = {isa = PBXFileReference; lastKnownFileType = sourcecode.c.objc; path = Queue.m; sourceTree = "<group>"; };
		46C08CBD200875440006E8D5 /* Queue.h */ = {isa = PBXFileReference; lastKnownFileType = sourcecode.c.h; path = Queue.h; sourceTree = "<group>"; };
		46C08CBE20089CB00006E8D5 /* FIR.m */ = {isa = PBXFileReference; lastKnownFileType = sourcecode.c.objc; path = FIR.m; sourceTree = "<group>"; };
		46C08CC020089CC70006E8D5 /* FIR.h */ = {isa = PBXFileReference; lastKnownFileType = sourcecode.c.h; path = FIR.h; sourceTree = "<group>"; };
		46CB900E201B971B00E470C8 /* GraphViewOperation.h */ = {isa = PBXFileReference; lastKnownFileType = sourcecode.c.h; path = GraphViewOperation.h; sourceTree = "<group>"; };
		46CB900F201B971B00E470C8 /* GraphViewOperation.m */ = {isa = PBXFileReference; lastKnownFileType = sourcecode.c.objc; path = GraphViewOperation.m; sourceTree = "<group>"; };
		46D1634017CE117C009418DF /* Info.plist */ = {isa = PBXFileReference; fileEncoding = 4; lastKnownFileType = text.plist.xml; path = Info.plist; sourceTree = "<group>"; };
		46D1634117CE117C009418DF /* Launchd.plist */ = {isa = PBXFileReference; fileEncoding = 4; lastKnownFileType = text.plist.xml; path = Launchd.plist; sourceTree = "<group>"; };
		46DE97A717D2D15B009E0A16 /* BPFService.h */ = {isa = PBXFileReference; fileEncoding = 4; lastKnownFileType = sourcecode.c.h; path = BPFService.h; sourceTree = "<group>"; };
		46DE97A817D2D15B009E0A16 /* BPFService.m */ = {isa = PBXFileReference; fileEncoding = 4; lastKnownFileType = sourcecode.c.objc; path = BPFService.m; sourceTree = "<group>"; };
		46DE97AB17D3035E009E0A16 /* xtcpshow-uninstall.sh */ = {isa = PBXFileReference; lastKnownFileType = text.script.sh; path = "xtcpshow-uninstall.sh"; sourceTree = "<group>"; };
/* End PBXFileReference section */

/* Begin PBXFrameworksBuildPhase section */
		4605413520172706008DC910 /* Frameworks */ = {
			isa = PBXFrameworksBuildPhase;
			buildActionMask = 2147483647;
			files = (
				4605414020172738008DC910 /* Security.framework in Frameworks */,
				4605413F2017272A008DC910 /* Foundation.framework in Frameworks */,
			);
			runOnlyForDeploymentPostprocessing = 0;
		};
		4639F81E1798BA9700E59491 /* Frameworks */ = {
			isa = PBXFrameworksBuildPhase;
			buildActionMask = 2147483647;
			files = (
				46129EFD1FE90039004C6130 /* SecurityFoundation.framework in Frameworks */,
				4696051017CDD2EC00798814 /* Security.framework in Frameworks */,
				4696050E17CDD2DB00798814 /* ServiceManagement.framework in Frameworks */,
				4639F847179D0D0900E59491 /* libpcap.dylib in Frameworks */,
				4639F8251798BA9700E59491 /* Cocoa.framework in Frameworks */,
			);
			runOnlyForDeploymentPostprocessing = 0;
		};
/* End PBXFrameworksBuildPhase section */

/* Begin PBXGroup section */
		4639F8181798BA9600E59491 = {
			isa = PBXGroup;
			children = (
				46A9208017D8372D0083CC8D /* DiskImage */,
				46A9207F17D8371E0083CC8D /* GitHUB */,
				4639F82A1798BA9700E59491 /* xtcpshow */,
				4696054C17CDFC9200798814 /* OpenBPF */,
				4639F8231798BA9700E59491 /* Frameworks */,
				4639F8221798BA9700E59491 /* Products */,
			);
			sourceTree = "<group>";
		};
		4639F8221798BA9700E59491 /* Products */ = {
			isa = PBXGroup;
			children = (
				4639F8211798BA9700E59491 /* xtcpshow.app */,
				4605413820172706008DC910 /* com.mac.hiroki.suenaga.OpenBPF */,
			);
			name = Products;
			sourceTree = "<group>";
		};
		4639F8231798BA9700E59491 /* Frameworks */ = {
			isa = PBXGroup;
			children = (
				46129EFC1FE90039004C6130 /* SecurityFoundation.framework */,
				4639F846179D0D0900E59491 /* libpcap.dylib */,
				4696050F17CDD2EC00798814 /* Security.framework */,
				4696050D17CDD2DB00798814 /* ServiceManagement.framework */,
				4639F8241798BA9700E59491 /* Cocoa.framework */,
				469604FC17CDD02300798814 /* Foundation.framework */,
				4639F8261798BA9700E59491 /* Other Frameworks */,
			);
			name = Frameworks;
			sourceTree = "<group>";
		};
		4639F8261798BA9700E59491 /* Other Frameworks */ = {
			isa = PBXGroup;
			children = (
				4639F8271798BA9700E59491 /* AppKit.framework */,
				4639F8281798BA9700E59491 /* CoreData.framework */,
				4639F8291798BA9700E59491 /* Foundation.framework */,
			);
			name = "Other Frameworks";
			sourceTree = "<group>";
		};
		4639F82A1798BA9700E59491 /* xtcpshow */ = {
			isa = PBXGroup;
			children = (
				4639F8361798BA9700E59491 /* AppDelegate.h */,
				4639F8371798BA9700E59491 /* AppDelegate.m */,
				4664DA8D2019A3CC00438512 /* authopenBPF.h */,
				4664DA8E2019A3CC00438512 /* authopenBPF.m */,
				4664DA8A2019794000438512 /* OpenBPFService.h */,
				4664DA8B2019794000438512 /* OpenBPFService.m */,
				46A10ACF17CEF4A50011A9E8 /* CaptureBPF.h */,
				46A10AD017CEF4A50011A9E8 /* CaptureBPF.m */,
				4639F8411799095A00E59491 /* CaptureModel.h */,
				4639F8421799095A00E59491 /* CaptureModel.m */,
				46583CB817A0D187007B6572 /* CaptureOperation.h */,
				46583CB917A0D192007B6572 /* CaptureOperation.m */,
				466E550817AB491800C978C9 /* PID.h */,
				466E550917AB491800C978C9 /* PID.m */,
				46C08CC020089CC70006E8D5 /* FIR.h */,
				46C08CBE20089CB00006E8D5 /* FIR.m */,
				46C08CBD200875440006E8D5 /* Queue.h */,
				46C08CBB200875200006E8D5 /* Queue.m */,
				466E550517AB2AA500C978C9 /* ComputeQueue.h */,
				466E550617AB2AA500C978C9 /* ComputeQueue.m */,
				4682948217B4634D008AC9D4 /* DerivedData.h */,
				4682948317B4634D008AC9D4 /* DerivedData.m */,
				4620811D1FECE93C003B3C74 /* TimeConverter.h */,
				465805472020051300169963 /* GenericData.h */,
				465805482020051300169963 /* GenericData.m */,
				466DD1711FEB6D8300A58CB1 /* TrafficData.h */,
				466DD1721FEB6D8300A58CB1 /* TrafficData.m */,
				4620811E1FECEA00003B3C74 /* TrafficIndex.h */,
				4620811F1FECEA00003B3C74 /* TrafficIndex.m */,
				46B19D9320157E7A009F2ECD /* TrafficDB.h */,
				46B19D9420157E7A009F2ECD /* TrafficDB.m */,
				46583CB717A0CA4D007B6572 /* GraphView.h */,
				46583CB517A0CA41007B6572 /* GraphView.m */,
				46580544201F0C8F00169963 /* GraphView+Draw.h */,
				46580545201F0C8F00169963 /* GraphView+Draw.m */,
				46CB900E201B971B00E470C8 /* GraphViewOperation.h */,
				46CB900F201B971B00E470C8 /* GraphViewOperation.m */,
				4639F8391798BA9700E59491 /* MainMenu.xib */,
				4639F82B1798BA9700E59491 /* Supporting Files */,
			);
			path = xtcpshow;
			sourceTree = "<group>";
		};
		4639F82B1798BA9700E59491 /* Supporting Files */ = {
			isa = PBXGroup;
			children = (
				46219ABA17B1C6EC00740A80 /* xtcpshow.iconset */,
				4639F82C1798BA9700E59491 /* xtcpshow-Info.plist */,
				4664DA86201977C900438512 /* xtcpshowDebug-Info.plist */,
				4639F82D1798BA9700E59491 /* InfoPlist.strings */,
				4639F8301798BA9700E59491 /* main.m */,
				4639F8321798BA9700E59491 /* xtcpshow-Prefix.pch */,
				4639F8331798BA9700E59491 /* Credits.rtf */,
			);
			name = "Supporting Files";
			sourceTree = "<group>";
		};
		4696054C17CDFC9200798814 /* OpenBPF */ = {
			isa = PBXGroup;
			children = (
				46D1634017CE117C009418DF /* Info.plist */,
				4664DA88201977F300438512 /* OpenBPF-DebugInfo.plist */,
				46D1634117CE117C009418DF /* Launchd.plist */,
				4696054D17CDFC9200798814 /* main.m */,
				46DE97A717D2D15B009E0A16 /* BPFService.h */,
				46DE97A817D2D15B009E0A16 /* BPFService.m */,
				46A10AD217CEF8DA0011A9E8 /* OpenBPFXPC.h */,
				4696054F17CDFC9200798814 /* Supporting Files */,
			);
			path = OpenBPF;
			sourceTree = "<group>";
		};
		4696054F17CDFC9200798814 /* Supporting Files */ = {
			isa = PBXGroup;
			children = (
				4696055017CDFC9200798814 /* OpenBPF-Prefix.pch */,
			);
			name = "Supporting Files";
			sourceTree = "<group>";
		};
		46A9207F17D8371E0083CC8D /* GitHUB */ = {
			isa = PBXGroup;
			children = (
				46A9207E17D836050083CC8D /* README.md */,
				46A9208117D837D40083CC8D /* xtcpshow_screen.png */,
				46A9208217D87D880083CC8D /* License.txt */,
			);
			name = GitHUB;
			sourceTree = "<group>";
		};
		46A9208017D8372D0083CC8D /* DiskImage */ = {
			isa = PBXGroup;
			children = (
				46DE97AB17D3035E009E0A16 /* xtcpshow-uninstall.sh */,
			);
			name = DiskImage;
			sourceTree = "<group>";
		};
/* End PBXGroup section */

/* Begin PBXNativeTarget section */
		4605413720172706008DC910 /* Helper */ = {
			isa = PBXNativeTarget;
			buildConfigurationList = 4605413C20172706008DC910 /* Build configuration list for PBXNativeTarget "Helper" */;
			buildPhases = (
				4605413420172706008DC910 /* Sources */,
				4605413520172706008DC910 /* Frameworks */,
				4605413620172706008DC910 /* CopyFiles */,
			);
			buildRules = (
			);
			dependencies = (
			);
			name = Helper;
			productName = Helper;
			productReference = 4605413820172706008DC910 /* com.mac.hiroki.suenaga.OpenBPF */;
			productType = "com.apple.product-type.tool";
		};
		4639F8201798BA9700E59491 /* xtcpshow */ = {
			isa = PBXNativeTarget;
			buildConfigurationList = 4639F83E1798BA9700E59491 /* Build configuration list for PBXNativeTarget "xtcpshow" */;
			buildPhases = (
				4639F81D1798BA9700E59491 /* Sources */,
				4639F81E1798BA9700E59491 /* Frameworks */,
				4639F81F1798BA9700E59491 /* Resources */,
				4696051117CDD64E00798814 /* CopyFiles */,
			);
			buildRules = (
			);
			dependencies = (
				4605414420172848008DC910 /* PBXTargetDependency */,
			);
			name = xtcpshow;
			productName = xtcpshow;
			productReference = 4639F8211798BA9700E59491 /* xtcpshow.app */;
			productType = "com.apple.product-type.application";
		};
/* End PBXNativeTarget section */

/* Begin PBXProject section */
		4639F8191798BA9700E59491 /* Project object */ = {
			isa = PBXProject;
			attributes = {
				LastUpgradeCheck = 0920;
				ORGANIZATIONNAME = "SUENAGA Hiroki";
				TargetAttributes = {
					4605413720172706008DC910 = {
						CreatedOnToolsVersion = 9.2;
						DevelopmentTeam = BSVYLYB6S2;
						ProvisioningStyle = Automatic;
					};
					4639F8201798BA9700E59491 = {
						DevelopmentTeam = BSVYLYB6S2;
						ProvisioningStyle = Automatic;
					};
				};
			};
			buildConfigurationList = 4639F81C1798BA9700E59491 /* Build configuration list for PBXProject "xtcpshow" */;
			compatibilityVersion = "Xcode 3.2";
			developmentRegion = English;
			hasScannedForEncodings = 0;
			knownRegions = (
				en,
			);
			mainGroup = 4639F8181798BA9600E59491;
			productRefGroup = 4639F8221798BA9700E59491 /* Products */;
			projectDirPath = "";
			projectRoot = "";
			targets = (
				4639F8201798BA9700E59491 /* xtcpshow */,
				4605413720172706008DC910 /* Helper */,
			);
		};
/* End PBXProject section */

/* Begin PBXResourcesBuildPhase section */
		4639F81F1798BA9700E59491 /* Resources */ = {
			isa = PBXResourcesBuildPhase;
			buildActionMask = 2147483647;
			files = (
				4639F82F1798BA9700E59491 /* InfoPlist.strings in Resources */,
				4639F8351798BA9700E59491 /* Credits.rtf in Resources */,
				4639F83B1798BA9700E59491 /* MainMenu.xib in Resources */,
				46219ABB17B1C6EC00740A80 /* xtcpshow.iconset in Resources */,
			);
			runOnlyForDeploymentPostprocessing = 0;
		};
/* End PBXResourcesBuildPhase section */

/* Begin PBXSourcesBuildPhase section */
		4605413420172706008DC910 /* Sources */ = {
			isa = PBXSourcesBuildPhase;
			buildActionMask = 2147483647;
			files = (
				4605414220172816008DC910 /* BPFService.m in Sources */,
				460541412017280F008DC910 /* main.m in Sources */,
			);
			runOnlyForDeploymentPostprocessing = 0;
		};
		4639F81D1798BA9700E59491 /* Sources */ = {
			isa = PBXSourcesBuildPhase;
			buildActionMask = 2147483647;
			files = (
				4639F8311798BA9700E59491 /* main.m in Sources */,
				466DD1731FEB6D8300A58CB1 /* TrafficData.m in Sources */,
				46B19D9520157E7A009F2ECD /* TrafficDB.m in Sources */,
				4639F8381798BA9700E59491 /* AppDelegate.m in Sources */,
				4639F8431799095A00E59491 /* CaptureModel.m in Sources */,
				46583CB617A0CA41007B6572 /* GraphView.m in Sources */,
				4664DA8C2019794000438512 /* OpenBPFService.m in Sources */,
				462081201FECEA00003B3C74 /* TrafficIndex.m in Sources */,
				46583CBA17A0D192007B6572 /* CaptureOperation.m in Sources */,
				46C08CBC200875200006E8D5 /* Queue.m in Sources */,
				4664DA8F2019A3CC00438512 /* authopenBPF.m in Sources */,
				465805492020051300169963 /* GenericData.m in Sources */,
				466E550717AB2AA500C978C9 /* ComputeQueue.m in Sources */,
				46580546201F0C8F00169963 /* GraphView+Draw.m in Sources */,
				46C08CBF20089CB00006E8D5 /* FIR.m in Sources */,
				46CB9010201B971B00E470C8 /* GraphViewOperation.m in Sources */,
				466E550A17AB491800C978C9 /* PID.m in Sources */,
				4682948417B4634D008AC9D4 /* DerivedData.m in Sources */,
				46A10AD117CEF4A50011A9E8 /* CaptureBPF.m in Sources */,
				46DE97A917D2D15B009E0A16 /* BPFService.m in Sources */,
			);
			runOnlyForDeploymentPostprocessing = 0;
		};
/* End PBXSourcesBuildPhase section */

/* Begin PBXTargetDependency section */
		4605414420172848008DC910 /* PBXTargetDependency */ = {
			isa = PBXTargetDependency;
			target = 4605413720172706008DC910 /* Helper */;
			targetProxy = 4605414320172848008DC910 /* PBXContainerItemProxy */;
		};
/* End PBXTargetDependency section */

/* Begin PBXVariantGroup section */
		4639F82D1798BA9700E59491 /* InfoPlist.strings */ = {
			isa = PBXVariantGroup;
			children = (
				4639F82E1798BA9700E59491 /* en */,
			);
			name = InfoPlist.strings;
			sourceTree = "<group>";
		};
		4639F8331798BA9700E59491 /* Credits.rtf */ = {
			isa = PBXVariantGroup;
			children = (
				4639F8341798BA9700E59491 /* en */,
			);
			name = Credits.rtf;
			sourceTree = "<group>";
		};
		4639F8391798BA9700E59491 /* MainMenu.xib */ = {
			isa = PBXVariantGroup;
			children = (
				4639F83A1798BA9700E59491 /* en */,
			);
			name = MainMenu.xib;
			sourceTree = "<group>";
		};
/* End PBXVariantGroup section */

/* Begin XCBuildConfiguration section */
		4605413D20172706008DC910 /* Debug */ = {
			isa = XCBuildConfiguration;
			buildSettings = {
				CLANG_ANALYZER_NONNULL = YES;
				CLANG_ANALYZER_NUMBER_OBJECT_CONVERSION = YES_AGGRESSIVE;
				CLANG_CXX_LANGUAGE_STANDARD = "gnu++14";
				CLANG_ENABLE_MODULES = YES;
				CLANG_WARN_DIRECT_OBJC_ISA_USAGE = YES_ERROR;
				CLANG_WARN_DOCUMENTATION_COMMENTS = YES;
				CLANG_WARN_OBJC_ROOT_CLASS = YES_ERROR;
				CLANG_WARN_UNGUARDED_AVAILABILITY = YES_AGGRESSIVE;
				CODE_SIGN_IDENTITY = "Mac Developer";
				CODE_SIGN_STYLE = Automatic;
				DEBUG_INFORMATION_FORMAT = dwarf;
				DEVELOPMENT_TEAM = BSVYLYB6S2;
				GCC_C_LANGUAGE_STANDARD = gnu11;
				GCC_WARN_ABOUT_RETURN_TYPE = YES_ERROR;
				GCC_WARN_UNINITIALIZED_AUTOS = YES_AGGRESSIVE;
				INFOPLIST_FILE = "$(SRCROOT)/OpenBPF/OpenBPF-DebugInfo.plist";
				MTL_ENABLE_DEBUG_INFO = YES;
				OTHER_LDFLAGS = (
					"-sectcreate",
					__TEXT,
					__info_plist,
					"OpenBPF/OpenBPF-DebugInfo.plist",
					"-sectcreate",
					__TEXT,
					__launchd_plist,
					OpenBPF/Launchd.plist,
				);
				PRODUCT_BUNDLE_IDENTIFIER = com.mac.hiroki.suenaga.OpenBPF;
				PRODUCT_NAME = "$(PRODUCT_BUNDLE_IDENTIFIER)";
				SKIP_INSTALL = YES;
			};
			name = Debug;
		};
		4605413E20172706008DC910 /* Release */ = {
			isa = XCBuildConfiguration;
			buildSettings = {
				CLANG_ANALYZER_NONNULL = YES;
				CLANG_ANALYZER_NUMBER_OBJECT_CONVERSION = YES_AGGRESSIVE;
				CLANG_CXX_LANGUAGE_STANDARD = "gnu++14";
				CLANG_ENABLE_MODULES = YES;
				CLANG_WARN_DIRECT_OBJC_ISA_USAGE = YES_ERROR;
				CLANG_WARN_DOCUMENTATION_COMMENTS = YES;
				CLANG_WARN_OBJC_ROOT_CLASS = YES_ERROR;
				CLANG_WARN_UNGUARDED_AVAILABILITY = YES_AGGRESSIVE;
				CODE_SIGN_IDENTITY = "Mac Developer";
				CODE_SIGN_STYLE = Automatic;
				DEVELOPMENT_TEAM = BSVYLYB6S2;
				ENABLE_NS_ASSERTIONS = NO;
				GCC_C_LANGUAGE_STANDARD = gnu11;
				GCC_WARN_ABOUT_RETURN_TYPE = YES_ERROR;
				GCC_WARN_UNINITIALIZED_AUTOS = YES_AGGRESSIVE;
				INFOPLIST_FILE = "$(SRCROOT)/OpenBPF/Info.plist";
				MTL_ENABLE_DEBUG_INFO = NO;
				OTHER_LDFLAGS = (
					"-sectcreate",
					__TEXT,
					__info_plist,
					OpenBPF/Info.plist,
					"-sectcreate",
					__TEXT,
					__launchd_plist,
					OpenBPF/Launchd.plist,
				);
				PRODUCT_BUNDLE_IDENTIFIER = com.mac.hiroki.suenaga.OpenBPF;
				PRODUCT_NAME = "$(PRODUCT_BUNDLE_IDENTIFIER)";
				SKIP_INSTALL = YES;
			};
			name = Release;
		};
		4639F83C1798BA9700E59491 /* Debug */ = {
			isa = XCBuildConfiguration;
			buildSettings = {
				ALWAYS_SEARCH_USER_PATHS = NO;
				CLANG_CXX_LANGUAGE_STANDARD = "gnu++0x";
				CLANG_CXX_LIBRARY = "libc++";
				CLANG_ENABLE_OBJC_ARC = YES;
				CLANG_WARN_BLOCK_CAPTURE_AUTORELEASING = YES;
				CLANG_WARN_BOOL_CONVERSION = YES;
				CLANG_WARN_COMMA = YES;
				CLANG_WARN_CONSTANT_CONVERSION = YES;
				CLANG_WARN_EMPTY_BODY = YES;
				CLANG_WARN_ENUM_CONVERSION = YES;
				CLANG_WARN_INFINITE_RECURSION = YES;
				CLANG_WARN_INT_CONVERSION = YES;
				CLANG_WARN_NON_LITERAL_NULL_CONVERSION = YES;
				CLANG_WARN_OBJC_LITERAL_CONVERSION = YES;
				CLANG_WARN_RANGE_LOOP_ANALYSIS = YES;
				CLANG_WARN_STRICT_PROTOTYPES = YES;
				CLANG_WARN_SUSPICIOUS_MOVE = YES;
				CLANG_WARN_UNREACHABLE_CODE = YES;
				CLANG_WARN__DUPLICATE_METHOD_MATCH = YES;
				CODE_SIGN_IDENTITY = "Developer ID Application";
				COPY_PHASE_STRIP = NO;
				DEVELOPMENT_TEAM = BSVYLYB6S2;
				ENABLE_STRICT_OBJC_MSGSEND = YES;
				ENABLE_TESTABILITY = YES;
				GCC_C_LANGUAGE_STANDARD = gnu99;
				GCC_DYNAMIC_NO_PIC = NO;
				GCC_ENABLE_OBJC_EXCEPTIONS = YES;
				GCC_NO_COMMON_BLOCKS = YES;
				GCC_OPTIMIZATION_LEVEL = 0;
				GCC_PREPROCESSOR_DEFINITIONS = (
					"DEBUG=1",
					"$(inherited)",
				);
				GCC_SYMBOLS_PRIVATE_EXTERN = NO;
				GCC_WARN_64_TO_32_BIT_CONVERSION = YES;
				GCC_WARN_ABOUT_RETURN_TYPE = YES;
				GCC_WARN_UNDECLARED_SELECTOR = YES;
				GCC_WARN_UNINITIALIZED_AUTOS = YES;
				GCC_WARN_UNUSED_FUNCTION = YES;
				GCC_WARN_UNUSED_VARIABLE = YES;
				MACOSX_DEPLOYMENT_TARGET = 10.13;
				ONLY_ACTIVE_ARCH = YES;
				PROVISIONING_PROFILE = "";
				SDKROOT = macosx;
				STRIP_INSTALLED_PRODUCT = NO;
			};
			name = Debug;
		};
		4639F83D1798BA9700E59491 /* Release */ = {
			isa = XCBuildConfiguration;
			buildSettings = {
				ALWAYS_SEARCH_USER_PATHS = NO;
				CLANG_CXX_LANGUAGE_STANDARD = "gnu++0x";
				CLANG_CXX_LIBRARY = "libc++";
				CLANG_ENABLE_OBJC_ARC = YES;
				CLANG_WARN_BLOCK_CAPTURE_AUTORELEASING = YES;
				CLANG_WARN_BOOL_CONVERSION = YES;
				CLANG_WARN_COMMA = YES;
				CLANG_WARN_CONSTANT_CONVERSION = YES;
				CLANG_WARN_EMPTY_BODY = YES;
				CLANG_WARN_ENUM_CONVERSION = YES;
				CLANG_WARN_INFINITE_RECURSION = YES;
				CLANG_WARN_INT_CONVERSION = YES;
				CLANG_WARN_NON_LITERAL_NULL_CONVERSION = YES;
				CLANG_WARN_OBJC_LITERAL_CONVERSION = YES;
				CLANG_WARN_RANGE_LOOP_ANALYSIS = YES;
				CLANG_WARN_STRICT_PROTOTYPES = YES;
				CLANG_WARN_SUSPICIOUS_MOVE = YES;
				CLANG_WARN_UNREACHABLE_CODE = YES;
				CLANG_WARN__DUPLICATE_METHOD_MATCH = YES;
				CODE_SIGN_IDENTITY = "Developer ID Application";
				COPY_PHASE_STRIP = NO;
				DEBUG_INFORMATION_FORMAT = "dwarf-with-dsym";
				DEVELOPMENT_TEAM = BSVYLYB6S2;
				ENABLE_STRICT_OBJC_MSGSEND = YES;
				GCC_C_LANGUAGE_STANDARD = gnu99;
				GCC_ENABLE_OBJC_EXCEPTIONS = YES;
				GCC_NO_COMMON_BLOCKS = YES;
				GCC_WARN_64_TO_32_BIT_CONVERSION = YES;
				GCC_WARN_ABOUT_RETURN_TYPE = YES;
				GCC_WARN_UNDECLARED_SELECTOR = YES;
				GCC_WARN_UNINITIALIZED_AUTOS = YES;
				GCC_WARN_UNUSED_FUNCTION = YES;
				GCC_WARN_UNUSED_VARIABLE = YES;
				MACOSX_DEPLOYMENT_TARGET = 10.13;
				PROVISIONING_PROFILE = "";
				SDKROOT = macosx;
				STRIP_INSTALLED_PRODUCT = NO;
			};
			name = Release;
		};
		4639F83F1798BA9700E59491 /* Debug */ = {
			isa = XCBuildConfiguration;
			buildSettings = {
				CODE_SIGN_IDENTITY = "Mac Developer";
				CODE_SIGN_STYLE = Automatic;
				COMBINE_HIDPI_IMAGES = YES;
				DEVELOPMENT_TEAM = BSVYLYB6S2;
				GCC_PRECOMPILE_PREFIX_HEADER = YES;
				GCC_PREFIX_HEADER = "xtcpshow/xtcpshow-Prefix.pch";
				HEADER_SEARCH_PATHS = "";
				INFOPLIST_FILE = "xtcpshow/xtcpshowDebug-Info.plist";
				MACOSX_DEPLOYMENT_TARGET = 10.13;
				PRODUCT_BUNDLE_IDENTIFIER = com.mac.hiroki.suenaga.xtcpshow;
				PRODUCT_NAME = "$(TARGET_NAME)";
				PROVISIONING_PROFILE = "";
				PROVISIONING_PROFILE_SPECIFIER = "";
				WRAPPER_EXTENSION = app;
			};
			name = Debug;
		};
		4639F8401798BA9700E59491 /* Release */ = {
			isa = XCBuildConfiguration;
			buildSettings = {
				CODE_SIGN_IDENTITY = "Mac Developer";
				CODE_SIGN_STYLE = Automatic;
				COMBINE_HIDPI_IMAGES = YES;
				DEVELOPMENT_TEAM = BSVYLYB6S2;
				GCC_PRECOMPILE_PREFIX_HEADER = YES;
				GCC_PREFIX_HEADER = "xtcpshow/xtcpshow-Prefix.pch";
				HEADER_SEARCH_PATHS = "";
				INFOPLIST_FILE = "xtcpshow/xtcpshow-Info.plist";
				MACOSX_DEPLOYMENT_TARGET = 10.13;
				PRODUCT_BUNDLE_IDENTIFIER = com.mac.hiroki.suenaga.xtcpshow;
				PRODUCT_NAME = "$(TARGET_NAME)";
				PROVISIONING_PROFILE = "";
				PROVISIONING_PROFILE_SPECIFIER = "";
				WRAPPER_EXTENSION = app;
			};
			name = Release;
		};
/* End XCBuildConfiguration section */

/* Begin XCConfigurationList section */
		4605413C20172706008DC910 /* Build configuration list for PBXNativeTarget "Helper" */ = {
			isa = XCConfigurationList;
			buildConfigurations = (
				4605413D20172706008DC910 /* Debug */,
				4605413E20172706008DC910 /* Release */,
			);
			defaultConfigurationIsVisible = 0;
			defaultConfigurationName = Release;
		};
		4639F81C1798BA9700E59491 /* Build configuration list for PBXProject "xtcpshow" */ = {
			isa = XCConfigurationList;
			buildConfigurations = (
				4639F83C1798BA9700E59491 /* Debug */,
				4639F83D1798BA9700E59491 /* Release */,
			);
			defaultConfigurationIsVisible = 0;
			defaultConfigurationName = Release;
		};
		4639F83E1798BA9700E59491 /* Build configuration list for PBXNativeTarget "xtcpshow" */ = {
			isa = XCConfigurationList;
			buildConfigurations = (
				4639F83F1798BA9700E59491 /* Debug */,
				4639F8401798BA9700E59491 /* Release */,
			);
			defaultConfigurationIsVisible = 0;
			defaultConfigurationName = Release;
		};
/* End XCConfigurationList section */
	};
	rootObject = 4639F8191798BA9700E59491 /* Project object */;
}
